<Solution>
  <Project Path="Platform.API.Models/Platform.API.Models.csproj" Id="7d23a20f-2b28-42de-bf45-bfe53ba0fc5d" />
  <Project Path="Platform.API.Tests/Platform.API.Tests.csproj" Id="3f2fd93b-9fbe-4f48-9eb8-cd806f2f66ce" />
  <Project Path="Platform.API/Platform.API.csproj" Id="a35d6648-dbb9-47dc-a3d3-e0b7f003d365" />
  <Project Path="Platform.SDK.Components/Platform.SDK.Components.csproj" Id="a99dbf46-788a-4d42-ae2f-4a13d4f37404" />
  <Project Path="Platform.SDK.Services/Platform.SDK.Services.csproj" Id="c8d64e4f-f7f2-4f2f-9a86-26d4e1b8a8d7" />
  <Project Path="PlatformTestApp/PlatformTestApp.csproj" Id="1782fe19-08bd-4659-b95f-6a9c32b26100" />
  <Project Path="YouVersion.UsfmReferences/YouVersion.UsfmReferences.csproj" />
</Solution>
